<?xml version="1.0" encoding="utf-8"?>
<Project ToolsVersion="4.0" xmlns="http://schemas.microsoft.com/developer/msbuild/2003">
  <ItemGroup>
    <Filter Include="Source Files">
      <UniqueIdentifier>{956f22bf-8dc0-4ca0-a0c3-7f2a5d05c9b8}</UniqueIdentifier>
      <Extensions>cpp;c;cxx;def;odl;idl;hpj;bat;asm;asmx</Extensions>
    </Filter>
    <Filter Include="Header Files">
      <UniqueIdentifier>{dfc0fca1-c754-4335-810f-2ae6c360793a}</UniqueIdentifier>
      <Extensions>h;hpp;hxx;hm;inl;inc;xsd</Extensions>
    </Filter>
    <Filter Include="Generated Files">
      <UniqueIdentifier>{00726f7f-340f-420c-aa73-7211fe794816}</UniqueIdentifier>
      <Extensions>cpp;c;cxx;moc;h;qrc;def;odl;idl;res</Extensions>
    </Filter>
    <Filter Include="Resource Files">
      <UniqueIdentifier>{2717992a-4341-4cf4-8c4f-30bdbb31992d}</UniqueIdentifier>
    </Filter>
  </ItemGroup>
  <ItemGroup>
    <ClCompile Include="cross.cpp">
      <Filter>Source Files</Filter>
    </ClCompile>
    <ClCompile Include="main.cpp">
      <Filter>Source Files</Filter>
    </ClCompile>
    <ClCompile Include="qdigiplot.cpp">
      <Filter>Source Files</Filter>
    </ClCompile>
    <ClCompile Include="scene.cpp">
      <Filter>Source Files</Filter>
    </ClCompile>
    <ClCompile Include="view.cpp">
      <Filter>Source Files</Filter>
    </ClCompile>
    <ClCompile Include="debug\moc_qdigiplot.cpp">
      <Filter>Generated Files</Filter>
    </ClCompile>
    <ClCompile Include="release\moc_qdigiplot.cpp">
      <Filter>Generated Files</Filter>
    </ClCompile>
    <ClCompile Include="debug\moc_scene.cpp">
      <Filter>Generated Files</Filter>
    </ClCompile>
    <ClCompile Include="release\moc_scene.cpp">
      <Filter>Generated Files</Filter>
    </ClCompile>
    <ClCompile Include="release\moc_view.cpp">
      <Filter>Generated Files</Filter>
    </ClCompile>
    <ClCompile Include="debug\moc_view.cpp">
      <Filter>Generated Files</Filter>
    </ClCompile>
    <ClCompile Include="debug\qrc_resources.cpp">
      <Filter>Generated Files</Filter>
    </ClCompile>
    <ClCompile Include="release\qrc_resources.cpp">
      <Filter>Generated Files</Filter>
    </ClCompile>
  </ItemGroup>
  <ItemGroup>
    <ClInclude Include="cross.h">
      <Filter>Header Files</Filter>
    </ClInclude>
  </ItemGroup>
  <ItemGroup>
    <None Include="images\copy.png">
      <Filter>Resource Files</Filter>
    </None>
    <None Include="images\cut.png">
      <Filter>Resource Files</Filter>
    </None>
    <None Include="images\help.png">
      <Filter>Resource Files</Filter>
    </None>
    <None Include="images\new.png">
      <Filter>Resource Files</Filter>
    </None>
    <None Include="images\open.png">
      <Filter>Resource Files</Filter>
    </None>
    <None Include="images\paste.png">
      <Filter>Resource Files</Filter>
    </None>
    <None Include="images\print.png">
      <Filter>Resource Files</Filter>
    </None>
  </ItemGroup>
  <ItemGroup>
    <ResourceCompile Include="winres.rc" />
  </ItemGroup>
  <ItemGroup>
    <CustomBuild Include="qdigiplot.h">
      <Filter>Header Files</Filter>
    </CustomBuild>
    <CustomBuild Include="scene.h">
      <Filter>Header Files</Filter>
    </CustomBuild>
    <CustomBuild Include="view.h">
      <Filter>Header Files</Filter>
    </CustomBuild>
    <CustomBuild Include="resources.qrc">
      <Filter>Generated Files</Filter>
    </CustomBuild>
  </ItemGroup>
</Project>